// !$*UTF8*$!
{
	archiveVersion = 1;
	classes = {
	};
	objectVersion = 50;
	objects = {

/* Begin PBXBuildFile section */
		843B23631A36A7B6401C39C7 /* libPods-FlutterDemo.a in Frameworks */ = {isa = PBXBuildFile; fileRef = 7870CF19A5C2AD5F0279F76B /* libPods-FlutterDemo.a */; };
		BA048C53229D852800D3B14D /* AppDelegate.m in Sources */ = {isa = PBXBuildFile; fileRef = BA048C52229D852800D3B14D /* AppDelegate.m */; };
		BA048C56229D852800D3B14D /* ViewController.m in Sources */ = {isa = PBXBuildFile; fileRef = BA048C55229D852800D3B14D /* ViewController.m */; };
		BA048C59229D852800D3B14D /* Main.storyboard in Resources */ = {isa = PBXBuildFile; fileRef = BA048C57229D852800D3B14D /* Main.storyboard */; };
		BA048C5B229D852900D3B14D /* Assets.xcassets in Resources */ = {isa = PBXBuildFile; fileRef = BA048C5A229D852900D3B14D /* Assets.xcassets */; };
		BA048C5E229D852900D3B14D /* LaunchScreen.storyboard in Resources */ = {isa = PBXBuildFile; fileRef = BA048C5C229D852900D3B14D /* LaunchScreen.storyboard */; };
		BA048C61229D852900D3B14D /* main.m in Sources */ = {isa = PBXBuildFile; fileRef = BA048C60229D852900D3B14D /* main.m */; };
/* End PBXBuildFile section */

/* Begin PBXFileReference section */
		7870CF19A5C2AD5F0279F76B /* libPods-FlutterDemo.a */ = {isa = PBXFileReference; explicitFileType = archive.ar; includeInIndex = 0; path = "libPods-FlutterDemo.a"; sourceTree = BUILT_PRODUCTS_DIR; };
		A9F0CF54226B62BAEC527CBF /* Pods-FlutterDemo.debug.xcconfig */ = {isa = PBXFileReference; includeInIndex = 1; lastKnownFileType = text.xcconfig; name = "Pods-FlutterDemo.debug.xcconfig"; path = "Pods/Target Support Files/Pods-FlutterDemo/Pods-FlutterDemo.debug.xcconfig"; sourceTree = "<group>"; };
		BA048C4E229D852800D3B14D /* FlutterDemo.app */ = {isa = PBXFileReference; explicitFileType = wrapper.application; includeInIndex = 0; path = FlutterDemo.app; sourceTree = BUILT_PRODUCTS_DIR; };
		BA048C51229D852800D3B14D /* AppDelegate.h */ = {isa = PBXFileReference; lastKnownFileType = sourcecode.c.h; path = AppDelegate.h; sourceTree = "<group>"; };
		BA048C52229D852800D3B14D /* AppDelegate.m */ = {isa = PBXFileReference; lastKnownFileType = sourcecode.c.objc; path = AppDelegate.m; sourceTree = "<group>"; };
		BA048C54229D852800D3B14D /* ViewController.h */ = {isa = PBXFileReference; lastKnownFileType = sourcecode.c.h; path = ViewController.h; sourceTree = "<group>"; };
		BA048C55229D852800D3B14D /* ViewController.m */ = {isa = PBXFileReference; lastKnownFileType = sourcecode.c.objc; path = ViewController.m; sourceTree = "<group>"; };
		BA048C58229D852800D3B14D /* Base */ = {isa = PBXFileReference; lastKnownFileType = file.storyboard; name = Base; path = Base.lproj/Main.storyboard; sourceTree = "<group>"; };
		BA048C5A229D852900D3B14D /* Assets.xcassets */ = {isa = PBXFileReference; lastKnownFileType = folder.assetcatalog; path = Assets.xcassets; sourceTree = "<group>"; };
		BA048C5D229D852900D3B14D /* Base */ = {isa = PBXFileReference; lastKnownFileType = file.storyboard; name = Base; path = Base.lproj/LaunchScreen.storyboard; sourceTree = "<group>"; };
		BA048C5F229D852900D3B14D /* Info.plist */ = {isa = PBXFileReference; lastKnownFileType = text.plist.xml; path = Info.plist; sourceTree = "<group>"; };
		BA048C60229D852900D3B14D /* main.m */ = {isa = PBXFileReference; lastKnownFileType = sourcecode.c.objc; path = main.m; sourceTree = "<group>"; };
		EF4E6F87337897232494CD8E /* Pods-FlutterDemo.release.xcconfig */ = {isa = PBXFileReference; includeInIndex = 1; lastKnownFileType = text.xcconfig; name = "Pods-FlutterDemo.release.xcconfig"; path = "Pods/Target Support Files/Pods-FlutterDemo/Pods-FlutterDemo.release.xcconfig"; sourceTree = "<group>"; };
/* End PBXFileReference section */

/* Begin PBXFrameworksBuildPhase section */
		BA048C4B229D852800D3B14D /* Frameworks */ = {
			isa = PBXFrameworksBuildPhase;
			buildActionMask = 2147483647;
			files = (
				843B23631A36A7B6401C39C7 /* libPods-FlutterDemo.a in Frameworks */,
			);
			runOnlyForDeploymentPostprocessing = 0;
		};
/* End PBXFrameworksBuildPhase section */

/* Begin PBXGroup section */
		3519E514B392E058678CDDB7 /* Frameworks */ = {
			isa = PBXGroup;
			children = (
				7870CF19A5C2AD5F0279F76B /* libPods-FlutterDemo.a */,
			);
			name = Frameworks;
			sourceTree = "<group>";
		};
		86405EC7B0F4B1C3BBF342AE /* Pods */ = {
			isa = PBXGroup;
			children = (
				A9F0CF54226B62BAEC527CBF /* Pods-FlutterDemo.debug.xcconfig */,
				EF4E6F87337897232494CD8E /* Pods-FlutterDemo.release.xcconfig */,
			);
			name = Pods;
			sourceTree = "<group>";
		};
		BA048C45229D852800D3B14D = {
			isa = PBXGroup;
			children = (
				BA048C50229D852800D3B14D /* FlutterDemo */,
				BA048C4F229D852800D3B14D /* Products */,
				86405EC7B0F4B1C3BBF342AE /* Pods */,
				3519E514B392E058678CDDB7 /* Frameworks */,
			);
			sourceTree = "<group>";
		};
		BA048C4F229D852800D3B14D /* Products */ = {
			isa = PBXGroup;
			children = (
				BA048C4E229D852800D3B14D /* FlutterDemo.app */,
			);
			name = Products;
			sourceTree = "<group>";
		};
		BA048C50229D852800D3B14D /* FlutterDemo */ = {
			isa = PBXGroup;
			children = (
				BA048C51229D852800D3B14D /* AppDelegate.h */,
				BA048C52229D852800D3B14D /* AppDelegate.m */,
				BA048C54229D852800D3B14D /* ViewController.h */,
				BA048C55229D852800D3B14D /* ViewController.m */,
				BA048C57229D852800D3B14D /* Main.storyboard */,
				BA048C5A229D852900D3B14D /* Assets.xcassets */,
				BA048C5C229D852900D3B14D /* LaunchScreen.storyboard */,
				BA048C5F229D852900D3B14D /* Info.plist */,
				BA048C60229D852900D3B14D /* main.m */,
			);
			path = FlutterDemo;
			sourceTree = "<group>";
		};
/* End PBXGroup section */

/* Begin PBXNativeTarget section */
		BA048C4D229D852800D3B14D /* FlutterDemo */ = {
			isa = PBXNativeTarget;
			buildConfigurationList = BA048C64229D852900D3B14D /* Build configuration list for PBXNativeTarget "FlutterDemo" */;
			buildPhases = (
				1976C80E6A2D90CFCF343AC1 /* [CP] Check Pods Manifest.lock */,
				BA048C68229D93D000D3B14D /* ShellScript */,
				BA048C4A229D852800D3B14D /* Sources */,
				BA048C4B229D852800D3B14D /* Frameworks */,
				BA048C4C229D852800D3B14D /* Resources */,
				BBA20CAEF33B7E67F00D170E /* [CP] Embed Pods Frameworks */,
			);
			buildRules = (
			);
			dependencies = (
			);
			name = FlutterDemo;
			productName = FlutterDemo;
			productReference = BA048C4E229D852800D3B14D /* FlutterDemo.app */;
			productType = "com.apple.product-type.application";
		};
/* End PBXNativeTarget section */

/* Begin PBXProject section */
		BA048C46229D852800D3B14D /* Project object */ = {
			isa = PBXProject;
			attributes = {
				LastUpgradeCheck = 1020;
				ORGANIZATIONNAME = lobster;
				TargetAttributes = {
					BA048C4D229D852800D3B14D = {
						CreatedOnToolsVersion = 10.2.1;
					};
				};
			};
			buildConfigurationList = BA048C49229D852800D3B14D /* Build configuration list for PBXProject "FlutterDemo" */;
			compatibilityVersion = "Xcode 9.3";
			developmentRegion = en;
			hasScannedForEncodings = 0;
			knownRegions = (
				en,
				Base,
			);
			mainGroup = BA048C45229D852800D3B14D;
			productRefGroup = BA048C4F229D852800D3B14D /* Products */;
			projectDirPath = "";
			projectRoot = "";
			targets = (
				BA048C4D229D852800D3B14D /* FlutterDemo */,
			);
		};
/* End PBXProject section */

/* Begin PBXResourcesBuildPhase section */
		BA048C4C229D852800D3B14D /* Resources */ = {
			isa = PBXResourcesBuildPhase;
			buildActionMask = 2147483647;
			files = (
				BA048C5E229D852900D3B14D /* LaunchScreen.storyboard in Resources */,
				BA048C5B229D852900D3B14D /* Assets.xcassets in Resources */,
				BA048C59229D852800D3B14D /* Main.storyboard in Resources */,
			);
			runOnlyForDeploymentPostprocessing = 0;
		};
/* End PBXResourcesBuildPhase section */

/* Begin PBXShellScriptBuildPhase section */
		1976C80E6A2D90CFCF343AC1 /* [CP] Check Pods Manifest.lock */ = {
			isa = PBXShellScriptBuildPhase;
			buildActionMask = 2147483647;
			files = (
			);
			inputPaths = (
				"${PODS_PODFILE_DIR_PATH}/Podfile.lock",
				"${PODS_ROOT}/Manifest.lock",
			);
			name = "[CP] Check Pods Manifest.lock";
			outputPaths = (
				"$(DERIVED_FILE_DIR)/Pods-FlutterDemo-checkManifestLockResult.txt",
			);
			runOnlyForDeploymentPostprocessing = 0;
			shellPath = /bin/sh;
			shellScript = "diff \"${PODS_PODFILE_DIR_PATH}/Podfile.lock\" \"${PODS_ROOT}/Manifest.lock\" > /dev/null\nif [ $? != 0 ] ; then\n    # print error to STDERR\n    echo \"error: The sandbox is not in sync with the Podfile.lock. Run 'pod install' or update your CocoaPods installation.\" >&2\n    exit 1\nfi\n# This output is used by Xcode 'outputs' to avoid re-running this script phase.\necho \"SUCCESS\" > \"${SCRIPT_OUTPUT_FILE_0}\"\n";
			showEnvVarsInLog = 0;
		};
		BA048C68229D93D000D3B14D /* ShellScript */ = {
			isa = PBXShellScriptBuildPhase;
			buildActionMask = 2147483647;
			files = (
			);
			inputPaths = (
			);
			outputPaths = (
			);
			runOnlyForDeploymentPostprocessing = 0;
			shellPath = /bin/sh;
			shellScript = "\"$FLUTTER_ROOT/packages/flutter_tools/bin/xcode_backend.sh\" build\n\"$FLUTTER_ROOT/packages/flutter_tools/bin/xcode_backend.sh\" embed\n";
		};
		BBA20CAEF33B7E67F00D170E /* [CP] Embed Pods Frameworks */ = {
			isa = PBXShellScriptBuildPhase;
			buildActionMask = 2147483647;
			files = (
			);
			inputPaths = (
				"${SRCROOT}/Pods/Target Support Files/Pods-FlutterDemo/Pods-FlutterDemo-frameworks.sh",
				"${PODS_ROOT}/../../demoflutter/.ios/Flutter/engine/Flutter.framework",
			);
			name = "[CP] Embed Pods Frameworks";
			outputPaths = (
				"${TARGET_BUILD_DIR}/${FRAMEWORKS_FOLDER_PATH}/Flutter.framework",
			);
			runOnlyForDeploymentPostprocessing = 0;
			shellPath = /bin/sh;
			shellScript = "\"${SRCROOT}/Pods/Target Support Files/Pods-FlutterDemo/Pods-FlutterDemo-frameworks.sh\"\n";
			showEnvVarsInLog = 0;
		};
/* End PBXShellScriptBuildPhase section */

/* Begin PBXSourcesBuildPhase section */
		BA048C4A229D852800D3B14D /* Sources */ = {
			isa = PBXSourcesBuildPhase;
			buildActionMask = 2147483647;
			files = (
				BA048C56229D852800D3B14D /* ViewController.m in Sources */,
				BA048C61229D852900D3B14D /* main.m in Sources */,
				BA048C53229D852800D3B14D /* AppDelegate.m in Sources */,
			);
			runOnlyForDeploymentPostprocessing = 0;
		};
/* End PBXSourcesBuildPhase section */

/* Begin PBXVariantGroup section */
		BA048C57229D852800D3B14D /* Main.storyboard */ = {
			isa = PBXVariantGroup;
			children = (
				BA048C58229D852800D3B14D /* Base */,
			);
			name = Main.storyboard;
			sourceTree = "<group>";
		};
		BA048C5C229D852900D3B14D /* LaunchScreen.storyboard */ = {
			isa = PBXVariantGroup;
			children = (
				BA048C5D229D852900D3B14D /* Base */,
			);
			name = LaunchScreen.storyboard;
			sourceTree = "<group>";
		};
/* End PBXVariantGroup section */

/* Begin XCBuildConfiguration section */
		BA048C62229D852900D3B14D /* Debug */ = {
			isa = XCBuildConfiguration;
			buildSettings = {
				ALWAYS_SEARCH_USER_PATHS = NO;
				CLANG_ANALYZER_NONNULL = YES;
				CLANG_ANALYZER_NUMBER_OBJECT_CONVERSION = YES_AGGRESSIVE;
				CLANG_CXX_LANGUAGE_STANDARD = "gnu++14";
				CLANG_CXX_LIBRARY = "libc++";
				CLANG_ENABLE_MODULES = YES;
				CLANG_ENABLE_OBJC_ARC = YES;
				CLANG_ENABLE_OBJC_WEAK = YES;
				CLANG_WARN_BLOCK_CAPTURE_AUTORELEASING = YES;
				CLANG_WARN_BOOL_CONVERSION = YES;
				CLANG_WARN_COMMA = YES;
				CLANG_WARN_CONSTANT_CONVERSION = YES;
				CLANG_WARN_DEPRECATED_OBJC_IMPLEMENTATIONS = YES;
				CLANG_WARN_DIRECT_OBJC_ISA_USAGE = YES_ERROR;
				CLANG_WARN_DOCUMENTATION_COMMENTS = YES;
				CLANG_WARN_EMPTY_BODY = YES;
				CLANG_WARN_ENUM_CONVERSION = YES;
				CLANG_WARN_INFINITE_RECURSION = YES;
				CLANG_WARN_INT_CONVERSION = YES;
				CLANG_WARN_NON_LITERAL_NULL_CONVERSION = YES;
				CLANG_WARN_OBJC_IMPLICIT_RETAIN_SELF = YES;
				CLANG_WARN_OBJC_LITERAL_CONVERSION = YES;
				CLANG_WARN_OBJC_ROOT_CLASS = YES_ERROR;
				CLANG_WARN_RANGE_LOOP_ANALYSIS = YES;
				CLANG_WARN_STRICT_PROTOTYPES = YES;
				CLANG_WARN_SUSPICIOUS_MOVE = YES;
				CLANG_WARN_UNGUARDED_AVAILABILITY = YES_AGGRESSIVE;
				CLANG_WARN_UNREACHABLE_CODE = YES;
				CLANG_WARN__DUPLICATE_METHOD_MATCH = YES;
				CODE_SIGN_IDENTITY = "iPhone Developer";
				COPY_PHASE_STRIP = NO;
				DEBUG_INFORMATION_FORMAT = dwarf;
				ENABLE_STRICT_OBJC_MSGSEND = YES;
				ENABLE_TESTABILITY = YES;
				GCC_C_LANGUAGE_STANDARD = gnu11;
				GCC_DYNAMIC_NO_PIC = NO;
				GCC_NO_COMMON_BLOCKS = YES;
				GCC_OPTIMIZATION_LEVEL = 0;
				GCC_PREPROCESSOR_DEFINITIONS = (
					"DEBUG=1",
					"$(inherited)",
				);
				GCC_WARN_64_TO_32_BIT_CONVERSION = YES;
				GCC_WARN_ABOUT_RETURN_TYPE = YES_ERROR;
				GCC_WARN_UNDECLARED_SELECTOR = YES;
				GCC_WARN_UNINITIALIZED_AUTOS = YES_AGGRESSIVE;
				GCC_WARN_UNUSED_FUNCTION = YES;
				GCC_WARN_UNUSED_VARIABLE = YES;
				IPHONEOS_DEPLOYMENT_TARGET = 12.2;
				MTL_ENABLE_DEBUG_INFO = INCLUDE_SOURCE;
				MTL_FAST_MATH = YES;
				ONLY_ACTIVE_ARCH = YES;
				SDKROOT = iphoneos;
			};
			name = Debug;
		};
		BA048C63229D852900D3B14D /* Release */ = {
			isa = XCBuildConfiguration;
			buildSettings = {
				ALWAYS_SEARCH_USER_PATHS = NO;
				CLANG_ANALYZER_NONNULL = YES;
				CLANG_ANALYZER_NUMBER_OBJECT_CONVERSION = YES_AGGRESSIVE;
				CLANG_CXX_LANGUAGE_STANDARD = "gnu++14";
				CLANG_CXX_LIBRARY = "libc++";
				CLANG_ENABLE_MODULES = YES;
				CLANG_ENABLE_OBJC_ARC = YES;
				CLANG_ENABLE_OBJC_WEAK = YES;
				CLANG_WARN_BLOCK_CAPTURE_AUTORELEASING = YES;
				CLANG_WARN_BOOL_CONVERSION = YES;
				CLANG_WARN_COMMA = YES;
				CLANG_WARN_CONSTANT_CONVERSION = YES;
				CLANG_WARN_DEPRECATED_OBJC_IMPLEMENTATIONS = YES;
				CLANG_WARN_DIRECT_OBJC_ISA_USAGE = YES_ERROR;
				CLANG_WARN_DOCUMENTATION_COMMENTS = YES;
				CLANG_WARN_EMPTY_BODY = YES;
				CLANG_WARN_ENUM_CONVERSION = YES;
				CLANG_WARN_INFINITE_RECURSION = YES;
				CLANG_WARN_INT_CONVERSION = YES;
				CLANG_WARN_NON_LITERAL_NULL_CONVERSION = YES;
				CLANG_WARN_OBJC_IMPLICIT_RETAIN_SELF = YES;
				CLANG_WARN_OBJC_LITERAL_CONVERSION = YES;
				CLANG_WARN_OBJC_ROOT_CLASS = YES_ERROR;
				CLANG_WARN_RANGE_LOOP_ANALYSIS = YES;
				CLANG_WARN_STRICT_PROTOTYPES = YES;
				CLANG_WARN_SUSPICIOUS_MOVE = YES;
				CLANG_WARN_UNGUARDED_AVAILABILITY = YES_AGGRESSIVE;
				CLANG_WARN_UNREACHABLE_CODE = YES;
				CLANG_WARN__DUPLICATE_METHOD_MATCH = YES;
				CODE_SIGN_IDENTITY = "iPhone Developer";
				COPY_PHASE_STRIP = NO;
				DEBUG_INFORMATION_FORMAT = "dwarf-with-dsym";
				ENABLE_NS_ASSERTIONS = NO;
				ENABLE_STRICT_OBJC_MSGSEND = YES;
				GCC_C_LANGUAGE_STANDARD = gnu11;
				GCC_NO_COMMON_BLOCKS = YES;
				GCC_WARN_64_TO_32_BIT_CONVERSION = YES;
				GCC_WARN_ABOUT_RETURN_TYPE = YES_ERROR;
				GCC_WARN_UNDECLARED_SELECTOR = YES;
				GCC_WARN_UNINITIALIZED_AUTOS = YES_AGGRESSIVE;
				GCC_WARN_UNUSED_FUNCTION = YES;
				GCC_WARN_UNUSED_VARIABLE = YES;
				IPHONEOS_DEPLOYMENT_TARGET = 12.2;
				MTL_ENABLE_DEBUG_INFO = NO;
				MTL_FAST_MATH = YES;
				SDKROOT = iphoneos;
				VALIDATE_PRODUCT = YES;
			};
			name = Release;
		};
		BA048C65229D852900D3B14D /* Debug */ = {
			isa = XCBuildConfiguration;
			baseConfigurationReference = A9F0CF54226B62BAEC527CBF /* Pods-FlutterDemo.debug.xcconfig */;
			buildSettings = {
				ASSETCATALOG_COMPILER_APPICON_NAME = AppIcon;
				CODE_SIGN_STYLE = Automatic;
				ENABLE_BITCODE = NO;
				INFOPLIST_FILE = FlutterDemo/Info.plist;
				LD_RUNPATH_SEARCH_PATHS = (
					"$(inherited)",
					"@executable_path/Frameworks",
				);
				PRODUCT_BUNDLE_IDENTIFIER = com.lobster.FlutterDemo;
				PRODUCT_NAME = "$(TARGET_NAME)";
				TARGETED_DEVICE_FAMILY = "1,2";
			};
			name = Debug;
		};
		BA048C66229D852900D3B14D /* Release */ = {
			isa = XCBuildConfiguration;
			baseConfigurationReference = EF4E6F87337897232494CD8E /* Pods-FlutterDemo.release.xcconfig */;
			buildSettings = {
				ASSETCATALOG_COMPILER_APPICON_NAME = AppIcon;
				CODE_SIGN_STYLE = Automatic;
				ENABLE_BITCODE = NO;
				INFOPLIST_FILE = FlutterDemo/Info.plist;
				LD_RUNPATH_SEARCH_PATHS = (
					"$(inherited)",
					"@executable_path/Frameworks",
				);
				PRODUCT_BUNDLE_IDENTIFIER = com.lobster.FlutterDemo;
				PRODUCT_NAME = "$(TARGET_NAME)";
				TARGETED_DEVICE_FAMILY = "1,2";
			};
			name = Release;
		};
/* End XCBuildConfiguration section */

/* Begin XCConfigurationList section */
		BA048C49229D852800D3B14D /* Build configuration list for PBXProject "FlutterDemo" */ = {
			isa = XCConfigurationList;
			buildConfigurations = (
				BA048C62229D852900D3B14D /* Debug */,
				BA048C63229D852900D3B14D /* Release */,
			);
			defaultConfigurationIsVisible = 0;
			defaultConfigurationName = Release;
		};
		BA048C64229D852900D3B14D /* Build configuration list for PBXNativeTarget "FlutterDemo" */ = {
			isa = XCConfigurationList;
			buildConfigurations = (
				BA048C65229D852900D3B14D /* Debug */,
				BA048C66229D852900D3B14D /* Release */,
			);
			defaultConfigurationIsVisible = 0;
			defaultConfigurationName = Release;
		};
/* End XCConfigurationList section */
	};
	rootObject = BA048C46229D852800D3B14D /* Project object */;
}
